
Microsoft Visual Studio Solution File, Format Version 12.00
# Visual Studio Version 16
VisualStudioVersion = 16.0.31129.286
MinimumVisualStudioVersion = 10.0.40219.1
Project("{FAE04EC0-301F-11D3-BF4B-00C04F79EFBC}") = "Conveniencia.Dominio", "Conveniencia.Dominio\Conveniencia.Dominio.csproj", "{D51532EE-D9F8-42B7-BCEF-C24C0EB4FE5A}"
EndProject
Project("{FAE04EC0-301F-11D3-BF4B-00C04F79EFBC}") = "Conveniencia.Infra", "Conveniencia.Infra\Conveniencia.Infra.csproj", "{D1519909-B715-4A95-B697-ACCB5FE40386}"
EndProject
Project("{FAE04EC0-301F-11D3-BF4B-00C04F79EFBC}") = "Conveniencia.SQLite", "Conveniencia.SQLite\Conveniencia.SQLite.csproj", "{BECE71CA-6C38-4866-A938-7842E200D31D}"
EndProject
Project("{FAE04EC0-301F-11D3-BF4B-00C04F79EFBC}") = "Conveniencia.Aplicacao", "Conveniencia.Aplicacao\Conveniencia.Aplicacao.csproj", "{76E8BD6A-29CB-44C3-961C-A4533BE0FD21}"
EndProject
Project("{FAE04EC0-301F-11D3-BF4B-00C04F79EFBC}") = "Conveniencia.Testes", "Conveniencia.Testes\Conveniencia.Testes.csproj", "{6BC278CF-44C4-4740-85DA-298066E65903}"
EndProject
Project("{2150E333-8FDC-42A3-9474-1A3956D46DE8}") = "1. Dominio", "1. Dominio", "{3A5FDA60-11BD-4FAC-90C8-7B406D32C691}"
EndProject
Project("{2150E333-8FDC-42A3-9474-1A3956D46DE8}") = "2. Infra", "2. Infra", "{9EB5D7B3-4250-4030-AB75-F54615F9F7C2}"
EndProject
Project("{2150E333-8FDC-42A3-9474-1A3956D46DE8}") = "3. Aplicação", "3. Aplicação", "{F371875B-D7D1-4931-A2A1-23BF512E070E}"
EndProject
Project("{2150E333-8FDC-42A3-9474-1A3956D46DE8}") = "4. Apresentação", "4. Apresentação", "{0204090B-A233-47A3-B806-2C7EFCE4D6CD}"
EndProject
Project("{2150E333-8FDC-42A3-9474-1A3956D46DE8}") = "SQLite", "SQLite", "{FF528D8D-C132-43D5-A726-031D05F5A570}"
EndProject
Project("{2150E333-8FDC-42A3-9474-1A3956D46DE8}") = "Testes", "Testes", "{9FE1BDB5-4FB8-4EFB-82D7-15C6197ECA65}"
EndProject
Project("{2150E333-8FDC-42A3-9474-1A3956D46DE8}") = "Solução", "Solução", "{D597F190-B94C-49BC-B5D4-5EE5ED4962F8}"
EndProject
Project("{FAE04EC0-301F-11D3-BF4B-00C04F79EFBC}") = "Conveniencia.WindowsApp", "Conveniencia.WindowsApp\Conveniencia.WindowsApp.csproj", "{B06667AE-696F-4696-9459-1C02E4D87327}"
EndProject
Global
	GlobalSection(SolutionConfigurationPlatforms) = preSolution
		Debug|Any CPU = Debug|Any CPU
		Release|Any CPU = Release|Any CPU
	EndGlobalSection
	GlobalSection(ProjectConfigurationPlatforms) = postSolution
		{D51532EE-D9F8-42B7-BCEF-C24C0EB4FE5A}.Debug|Any CPU.ActiveCfg = Debug|Any CPU
		{D51532EE-D9F8-42B7-BCEF-C24C0EB4FE5A}.Debug|Any CPU.Build.0 = Debug|Any CPU
		{D51532EE-D9F8-42B7-BCEF-C24C0EB4FE5A}.Release|Any CPU.ActiveCfg = Release|Any CPU
		{D51532EE-D9F8-42B7-BCEF-C24C0EB4FE5A}.Release|Any CPU.Build.0 = Release|Any CPU
		{D1519909-B715-4A95-B697-ACCB5FE40386}.Debug|Any CPU.ActiveCfg = Debug|Any CPU
		{D1519909-B715-4A95-B697-ACCB5FE40386}.Debug|Any CPU.Build.0 = Debug|Any CPU
		{D1519909-B715-4A95-B697-ACCB5FE40386}.Release|Any CPU.ActiveCfg = Release|Any CPU
		{D1519909-B715-4A95-B697-ACCB5FE40386}.Release|Any CPU.Build.0 = Release|Any CPU
		{BECE71CA-6C38-4866-A938-7842E200D31D}.Debug|Any CPU.ActiveCfg = Debug|Any CPU
		{BECE71CA-6C38-4866-A938-7842E200D31D}.Debug|Any CPU.Build.0 = Debug|Any CPU
		{BECE71CA-6C38-4866-A938-7842E200D31D}.Release|Any CPU.ActiveCfg = Release|Any CPU
		{BECE71CA-6C38-4866-A938-7842E200D31D}.Release|Any CPU.Build.0 = Release|Any CPU
		{76E8BD6A-29CB-44C3-961C-A4533BE0FD21}.Debug|Any CPU.ActiveCfg = Debug|Any CPU
		{76E8BD6A-29CB-44C3-961C-A4533BE0FD21}.Debug|Any CPU.Build.0 = Debug|Any CPU
		{76E8BD6A-29CB-44C3-961C-A4533BE0FD21}.Release|Any CPU.ActiveCfg = Release|Any CPU
		{76E8BD6A-29CB-44C3-961C-A4533BE0FD21}.Release|Any CPU.Build.0 = Release|Any CPU
		{6BC278CF-44C4-4740-85DA-298066E65903}.Debug|Any CPU.ActiveCfg = Debug|Any CPU
		{6BC278CF-44C4-4740-85DA-298066E65903}.Debug|Any CPU.Build.0 = Debug|Any CPU
		{6BC278CF-44C4-4740-85DA-298066E65903}.Release|Any CPU.ActiveCfg = Release|Any CPU
		{6BC278CF-44C4-4740-85DA-298066E65903}.Release|Any CPU.Build.0 = Release|Any CPU
		{B06667AE-696F-4696-9459-1C02E4D87327}.Debug|Any CPU.ActiveCfg = Debug|Any CPU
		{B06667AE-696F-4696-9459-1C02E4D87327}.Debug|Any CPU.Build.0 = Debug|Any CPU
		{B06667AE-696F-4696-9459-1C02E4D87327}.Release|Any CPU.ActiveCfg = Release|Any CPU
		{B06667AE-696F-4696-9459-1C02E4D87327}.Release|Any CPU.Build.0 = Release|Any CPU
	EndGlobalSection
	GlobalSection(SolutionProperties) = preSolution
		HideSolutionNode = FALSE
	EndGlobalSection
	GlobalSection(NestedProjects) = preSolution
		{D51532EE-D9F8-42B7-BCEF-C24C0EB4FE5A} = {3A5FDA60-11BD-4FAC-90C8-7B406D32C691}
		{D1519909-B715-4A95-B697-ACCB5FE40386} = {9EB5D7B3-4250-4030-AB75-F54615F9F7C2}
		{BECE71CA-6C38-4866-A938-7842E200D31D} = {FF528D8D-C132-43D5-A726-031D05F5A570}
		{76E8BD6A-29CB-44C3-961C-A4533BE0FD21} = {F371875B-D7D1-4931-A2A1-23BF512E070E}
		{6BC278CF-44C4-4740-85DA-298066E65903} = {9FE1BDB5-4FB8-4EFB-82D7-15C6197ECA65}
		{3A5FDA60-11BD-4FAC-90C8-7B406D32C691} = {D597F190-B94C-49BC-B5D4-5EE5ED4962F8}
		{9EB5D7B3-4250-4030-AB75-F54615F9F7C2} = {D597F190-B94C-49BC-B5D4-5EE5ED4962F8}
		{F371875B-D7D1-4931-A2A1-23BF512E070E} = {D597F190-B94C-49BC-B5D4-5EE5ED4962F8}
		{0204090B-A233-47A3-B806-2C7EFCE4D6CD} = {D597F190-B94C-49BC-B5D4-5EE5ED4962F8}
		{FF528D8D-C132-43D5-A726-031D05F5A570} = {9EB5D7B3-4250-4030-AB75-F54615F9F7C2}
		{B06667AE-696F-4696-9459-1C02E4D87327} = {0204090B-A233-47A3-B806-2C7EFCE4D6CD}
	EndGlobalSection
	GlobalSection(ExtensibilityGlobals) = postSolution
		SolutionGuid = {675FCE6E-C90E-4CEC-8CED-2199DC4F0904}
	EndGlobalSection
EndGlobal
